PODS:
  - Reachability (3.1.0)
  - SocketRocket (0.3.1-beta2)

DEPENDENCIES:
  - Reachability (~> 3.1)
  - SocketRocket (from `https://github.com/mk/SocketRocket.git`, branch `http-basic-auth`)

EXTERNAL SOURCES:
  SocketRocket:
    :branch: http-basic-auth
    :git: https://github.com/mk/SocketRocket.git

SPEC CHECKSUMS:
  Reachability: ba94ecd4eaa037be3d0588b38956672588530c5b
  SocketRocket: 9cbe08469513356cddc0afcab1ff160bd190296a

COCOAPODS: 0.29.0
